// !$*UTF8*$!
{
	archiveVersion = 1;
	classes = {
	};
	objectVersion = 50;
	objects = {

/* Begin PBXBuildFile section */
		08BC683C25A877BD005B3D42 /* PokedexApp.swift in Sources */ = {isa = PBXBuildFile; fileRef = 08BC683B25A877BD005B3D42 /* PokedexApp.swift */; };
		08BC684025A877BF005B3D42 /* Assets.xcassets in Resources */ = {isa = PBXBuildFile; fileRef = 08BC683F25A877BF005B3D42 /* Assets.xcassets */; };
		08BC684325A877BF005B3D42 /* Preview Assets.xcassets in Resources */ = {isa = PBXBuildFile; fileRef = 08BC684225A877BF005B3D42 /* Preview Assets.xcassets */; };
		08BC684E25A877C0005B3D42 /* PokedexTests.swift in Sources */ = {isa = PBXBuildFile; fileRef = 08BC684D25A877C0005B3D42 /* PokedexTests.swift */; };
		08BC685925A877C0005B3D42 /* PokedexUITests.swift in Sources */ = {isa = PBXBuildFile; fileRef = 08BC685825A877C0005B3D42 /* PokedexUITests.swift */; };
		08BC686D25A87AE0005B3D42 /* PokemonListCell.swift in Sources */ = {isa = PBXBuildFile; fileRef = 08BC686C25A87AE0005B3D42 /* PokemonListCell.swift */; };
		08D49F8025A8AD5C0004961C /* PokedexListView.swift in Sources */ = {isa = PBXBuildFile; fileRef = 08D49F7F25A8AD5C0004961C /* PokedexListView.swift */; };
		08D49F8825A8E1770004961C /* Pokemon.swift in Sources */ = {isa = PBXBuildFile; fileRef = 08D49F8725A8E1770004961C /* Pokemon.swift */; };
		08D49F8D25A8E3FE0004961C /* PokedexListViewModel.swift in Sources */ = {isa = PBXBuildFile; fileRef = 08D49F8C25A8E3FE0004961C /* PokedexListViewModel.swift */; };
/* End PBXBuildFile section */

/* Begin PBXContainerItemProxy section */
		08BC684A25A877C0005B3D42 /* PBXContainerItemProxy */ = {
			isa = PBXContainerItemProxy;
			containerPortal = 08BC683025A877BD005B3D42 /* Project object */;
			proxyType = 1;
			remoteGlobalIDString = 08BC683725A877BD005B3D42;
			remoteInfo = Pokedex;
		};
		08BC685525A877C0005B3D42 /* PBXContainerItemProxy */ = {
			isa = PBXContainerItemProxy;
			containerPortal = 08BC683025A877BD005B3D42 /* Project object */;
			proxyType = 1;
			remoteGlobalIDString = 08BC683725A877BD005B3D42;
			remoteInfo = Pokedex;
		};
/* End PBXContainerItemProxy section */

/* Begin PBXFileReference section */
		08BC683825A877BD005B3D42 /* Pokedex.app */ = {isa = PBXFileReference; explicitFileType = wrapper.application; includeInIndex = 0; path = Pokedex.app; sourceTree = BUILT_PRODUCTS_DIR; };
		08BC683B25A877BD005B3D42 /* PokedexApp.swift */ = {isa = PBXFileReference; lastKnownFileType = sourcecode.swift; path = PokedexApp.swift; sourceTree = "<group>"; };
		08BC683F25A877BF005B3D42 /* Assets.xcassets */ = {isa = PBXFileReference; lastKnownFileType = folder.assetcatalog; path = Assets.xcassets; sourceTree = "<group>"; };
		08BC684225A877BF005B3D42 /* Preview Assets.xcassets */ = {isa = PBXFileReference; lastKnownFileType = folder.assetcatalog; path = "Preview Assets.xcassets"; sourceTree = "<group>"; };
		08BC684425A877BF005B3D42 /* Info.plist */ = {isa = PBXFileReference; lastKnownFileType = text.plist.xml; path = Info.plist; sourceTree = "<group>"; };
		08BC684925A877C0005B3D42 /* PokedexTests.xctest */ = {isa = PBXFileReference; explicitFileType = wrapper.cfbundle; includeInIndex = 0; path = PokedexTests.xctest; sourceTree = BUILT_PRODUCTS_DIR; };
		08BC684D25A877C0005B3D42 /* PokedexTests.swift */ = {isa = PBXFileReference; lastKnownFileType = sourcecode.swift; path = PokedexTests.swift; sourceTree = "<group>"; };
		08BC684F25A877C0005B3D42 /* Info.plist */ = {isa = PBXFileReference; lastKnownFileType = text.plist.xml; path = Info.plist; sourceTree = "<group>"; };
		08BC685425A877C0005B3D42 /* PokedexUITests.xctest */ = {isa = PBXFileReference; explicitFileType = wrapper.cfbundle; includeInIndex = 0; path = PokedexUITests.xctest; sourceTree = BUILT_PRODUCTS_DIR; };
		08BC685825A877C0005B3D42 /* PokedexUITests.swift */ = {isa = PBXFileReference; lastKnownFileType = sourcecode.swift; path = PokedexUITests.swift; sourceTree = "<group>"; };
		08BC685A25A877C0005B3D42 /* Info.plist */ = {isa = PBXFileReference; lastKnownFileType = text.plist.xml; path = Info.plist; sourceTree = "<group>"; };
		08BC686C25A87AE0005B3D42 /* PokemonListCell.swift */ = {isa = PBXFileReference; lastKnownFileType = sourcecode.swift; path = PokemonListCell.swift; sourceTree = "<group>"; };
		08D49F7F25A8AD5C0004961C /* PokedexListView.swift */ = {isa = PBXFileReference; lastKnownFileType = sourcecode.swift; path = PokedexListView.swift; sourceTree = "<group>"; };
		08D49F8725A8E1770004961C /* Pokemon.swift */ = {isa = PBXFileReference; lastKnownFileType = sourcecode.swift; path = Pokemon.swift; sourceTree = "<group>"; };
		08D49F8C25A8E3FE0004961C /* PokedexListViewModel.swift */ = {isa = PBXFileReference; lastKnownFileType = sourcecode.swift; path = PokedexListViewModel.swift; sourceTree = "<group>"; };
/* End PBXFileReference section */

/* Begin PBXFrameworksBuildPhase section */
		08BC683525A877BD005B3D42 /* Frameworks */ = {
			isa = PBXFrameworksBuildPhase;
			buildActionMask = 2147483647;
			files = (
			);
			runOnlyForDeploymentPostprocessing = 0;
		};
		08BC684625A877C0005B3D42 /* Frameworks */ = {
			isa = PBXFrameworksBuildPhase;
			buildActionMask = 2147483647;
			files = (
			);
			runOnlyForDeploymentPostprocessing = 0;
		};
		08BC685125A877C0005B3D42 /* Frameworks */ = {
			isa = PBXFrameworksBuildPhase;
			buildActionMask = 2147483647;
			files = (
			);
			runOnlyForDeploymentPostprocessing = 0;
		};
/* End PBXFrameworksBuildPhase section */

/* Begin PBXGroup section */
		08BC682F25A877BD005B3D42 = {
			isa = PBXGroup;
			children = (
				08BC683A25A877BD005B3D42 /* Pokedex */,
				08BC684C25A877C0005B3D42 /* PokedexTests */,
				08BC685725A877C0005B3D42 /* PokedexUITests */,
				08BC683925A877BD005B3D42 /* Products */,
			);
			sourceTree = "<group>";
		};
		08BC683925A877BD005B3D42 /* Products */ = {
			isa = PBXGroup;
			children = (
				08BC683825A877BD005B3D42 /* Pokedex.app */,
				08BC684925A877C0005B3D42 /* PokedexTests.xctest */,
				08BC685425A877C0005B3D42 /* PokedexUITests.xctest */,
			);
			name = Products;
			sourceTree = "<group>";
		};
		08BC683A25A877BD005B3D42 /* Pokedex */ = {
			isa = PBXGroup;
			children = (
				08BC686925A8799B005B3D42 /* Model */,
				08BC686A25A879A1005B3D42 /* View */,
				08BC686B25A879A5005B3D42 /* ViewModel */,
				08BC683B25A877BD005B3D42 /* PokedexApp.swift */,
				08BC683F25A877BF005B3D42 /* Assets.xcassets */,
				08BC684425A877BF005B3D42 /* Info.plist */,
				08BC684125A877BF005B3D42 /* Preview Content */,
			);
			path = Pokedex;
			sourceTree = "<group>";
		};
		08BC684125A877BF005B3D42 /* Preview Content */ = {
			isa = PBXGroup;
			children = (
				08BC684225A877BF005B3D42 /* Preview Assets.xcassets */,
			);
			path = "Preview Content";
			sourceTree = "<group>";
		};
		08BC684C25A877C0005B3D42 /* PokedexTests */ = {
			isa = PBXGroup;
			children = (
				08BC684D25A877C0005B3D42 /* PokedexTests.swift */,
				08BC684F25A877C0005B3D42 /* Info.plist */,
			);
			path = PokedexTests;
			sourceTree = "<group>";
		};
		08BC685725A877C0005B3D42 /* PokedexUITests */ = {
			isa = PBXGroup;
			children = (
				08BC685825A877C0005B3D42 /* PokedexUITests.swift */,
				08BC685A25A877C0005B3D42 /* Info.plist */,
			);
			path = PokedexUITests;
			sourceTree = "<group>";
		};
		08BC686925A8799B005B3D42 /* Model */ = {
			isa = PBXGroup;
			children = (
				08D49F8725A8E1770004961C /* Pokemon.swift */,
			);
			path = Model;
			sourceTree = "<group>";
		};
		08BC686A25A879A1005B3D42 /* View */ = {
			isa = PBXGroup;
			children = (
				08BC686C25A87AE0005B3D42 /* PokemonListCell.swift */,
				08D49F7F25A8AD5C0004961C /* PokedexListView.swift */,
			);
			path = View;
			sourceTree = "<group>";
		};
		08BC686B25A879A5005B3D42 /* ViewModel */ = {
			isa = PBXGroup;
			children = (
				08D49F8C25A8E3FE0004961C /* PokedexListViewModel.swift */,
			);
			path = ViewModel;
			sourceTree = "<group>";
		};
/* End PBXGroup section */

/* Begin PBXNativeTarget section */
		08BC683725A877BD005B3D42 /* Pokedex */ = {
			isa = PBXNativeTarget;
			buildConfigurationList = 08BC685D25A877C0005B3D42 /* Build configuration list for PBXNativeTarget "Pokedex" */;
			buildPhases = (
				08BC683425A877BD005B3D42 /* Sources */,
				08BC683525A877BD005B3D42 /* Frameworks */,
				08BC683625A877BD005B3D42 /* Resources */,
			);
			buildRules = (
			);
			dependencies = (
			);
			name = Pokedex;
			productName = Pokedex;
			productReference = 08BC683825A877BD005B3D42 /* Pokedex.app */;
			productType = "com.apple.product-type.application";
		};
		08BC684825A877C0005B3D42 /* PokedexTests */ = {
			isa = PBXNativeTarget;
			buildConfigurationList = 08BC686025A877C0005B3D42 /* Build configuration list for PBXNativeTarget "PokedexTests" */;
			buildPhases = (
				08BC684525A877C0005B3D42 /* Sources */,
				08BC684625A877C0005B3D42 /* Frameworks */,
				08BC684725A877C0005B3D42 /* Resources */,
			);
			buildRules = (
			);
			dependencies = (
				08BC684B25A877C0005B3D42 /* PBXTargetDependency */,
			);
			name = PokedexTests;
			productName = PokedexTests;
			productReference = 08BC684925A877C0005B3D42 /* PokedexTests.xctest */;
			productType = "com.apple.product-type.bundle.unit-test";
		};
		08BC685325A877C0005B3D42 /* PokedexUITests */ = {
			isa = PBXNativeTarget;
			buildConfigurationList = 08BC686325A877C0005B3D42 /* Build configuration list for PBXNativeTarget "PokedexUITests" */;
			buildPhases = (
				08BC685025A877C0005B3D42 /* Sources */,
				08BC685125A877C0005B3D42 /* Frameworks */,
				08BC685225A877C0005B3D42 /* Resources */,
			);
			buildRules = (
			);
			dependencies = (
				08BC685625A877C0005B3D42 /* PBXTargetDependency */,
			);
			name = PokedexUITests;
			productName = PokedexUITests;
			productReference = 08BC685425A877C0005B3D42 /* PokedexUITests.xctest */;
			productType = "com.apple.product-type.bundle.ui-testing";
		};
/* End PBXNativeTarget section */

/* Begin PBXProject section */
		08BC683025A877BD005B3D42 /* Project object */ = {
			isa = PBXProject;
			attributes = {
				LastSwiftUpdateCheck = 1210;
				LastUpgradeCheck = 1210;
				TargetAttributes = {
					08BC683725A877BD005B3D42 = {
						CreatedOnToolsVersion = 12.1;
					};
					08BC684825A877C0005B3D42 = {
						CreatedOnToolsVersion = 12.1;
						TestTargetID = 08BC683725A877BD005B3D42;
					};
					08BC685325A877C0005B3D42 = {
						CreatedOnToolsVersion = 12.1;
						TestTargetID = 08BC683725A877BD005B3D42;
					};
				};
			};
			buildConfigurationList = 08BC683325A877BD005B3D42 /* Build configuration list for PBXProject "Pokedex" */;
			compatibilityVersion = "Xcode 9.3";
			developmentRegion = en;
			hasScannedForEncodings = 0;
			knownRegions = (
				en,
				Base,
			);
			mainGroup = 08BC682F25A877BD005B3D42;
			productRefGroup = 08BC683925A877BD005B3D42 /* Products */;
			projectDirPath = "";
			projectRoot = "";
			targets = (
				08BC683725A877BD005B3D42 /* Pokedex */,
				08BC684825A877C0005B3D42 /* PokedexTests */,
				08BC685325A877C0005B3D42 /* PokedexUITests */,
			);
		};
/* End PBXProject section */

/* Begin PBXResourcesBuildPhase section */
		08BC683625A877BD005B3D42 /* Resources */ = {
			isa = PBXResourcesBuildPhase;
			buildActionMask = 2147483647;
			files = (
				08BC684325A877BF005B3D42 /* Preview Assets.xcassets in Resources */,
				08BC684025A877BF005B3D42 /* Assets.xcassets in Resources */,
			);
			runOnlyForDeploymentPostprocessing = 0;
		};
		08BC684725A877C0005B3D42 /* Resources */ = {
			isa = PBXResourcesBuildPhase;
			buildActionMask = 2147483647;
			files = (
			);
			runOnlyForDeploymentPostprocessing = 0;
		};
		08BC685225A877C0005B3D42 /* Resources */ = {
			isa = PBXResourcesBuildPhase;
			buildActionMask = 2147483647;
			files = (
			);
			runOnlyForDeploymentPostprocessing = 0;
		};
/* End PBXResourcesBuildPhase section */

/* Begin PBXSourcesBuildPhase section */
		08BC683425A877BD005B3D42 /* Sources */ = {
			isa = PBXSourcesBuildPhase;
			buildActionMask = 2147483647;
			files = (
				08D49F8825A8E1770004961C /* Pokemon.swift in Sources */,
				08BC686D25A87AE0005B3D42 /* PokemonListCell.swift in Sources */,
				08D49F8D25A8E3FE0004961C /* PokedexListViewModel.swift in Sources */,
				08BC683C25A877BD005B3D42 /* PokedexApp.swift in Sources */,
				08D49F8025A8AD5C0004961C /* PokedexListView.swift in Sources */,
			);
			runOnlyForDeploymentPostprocessing = 0;
		};
		08BC684525A877C0005B3D42 /* Sources */ = {
			isa = PBXSourcesBuildPhase;
			buildActionMask = 2147483647;
			files = (
				08BC684E25A877C0005B3D42 /* PokedexTests.swift in Sources */,
			);
			runOnlyForDeploymentPostprocessing = 0;
		};
		08BC685025A877C0005B3D42 /* Sources */ = {
			isa = PBXSourcesBuildPhase;
			buildActionMask = 2147483647;
			files = (
				08BC685925A877C0005B3D42 /* PokedexUITests.swift in Sources */,
			);
			runOnlyForDeploymentPostprocessing = 0;
		};
/* End PBXSourcesBuildPhase section */

/* Begin PBXTargetDependency section */
		08BC684B25A877C0005B3D42 /* PBXTargetDependency */ = {
			isa = PBXTargetDependency;
			target = 08BC683725A877BD005B3D42 /* Pokedex */;
			targetProxy = 08BC684A25A877C0005B3D42 /* PBXContainerItemProxy */;
		};
		08BC685625A877C0005B3D42 /* PBXTargetDependency */ = {
			isa = PBXTargetDependency;
			target = 08BC683725A877BD005B3D42 /* Pokedex */;
			targetProxy = 08BC685525A877C0005B3D42 /* PBXContainerItemProxy */;
		};
/* End PBXTargetDependency section */

/* Begin XCBuildConfiguration section */
		08BC685B25A877C0005B3D42 /* Debug */ = {
			isa = XCBuildConfiguration;
			buildSettings = {
				ALWAYS_SEARCH_USER_PATHS = NO;
				CLANG_ANALYZER_NONNULL = YES;
				CLANG_ANALYZER_NUMBER_OBJECT_CONVERSION = YES_AGGRESSIVE;
				CLANG_CXX_LANGUAGE_STANDARD = "gnu++14";
				CLANG_CXX_LIBRARY = "libc++";
				CLANG_ENABLE_MODULES = YES;
				CLANG_ENABLE_OBJC_ARC = YES;
				CLANG_ENABLE_OBJC_WEAK = YES;
				CLANG_WARN_BLOCK_CAPTURE_AUTORELEASING = YES;
				CLANG_WARN_BOOL_CONVERSION = YES;
				CLANG_WARN_COMMA = YES;
				CLANG_WARN_CONSTANT_CONVERSION = YES;
				CLANG_WARN_DEPRECATED_OBJC_IMPLEMENTATIONS = YES;
				CLANG_WARN_DIRECT_OBJC_ISA_USAGE = YES_ERROR;
				CLANG_WARN_DOCUMENTATION_COMMENTS = YES;
				CLANG_WARN_EMPTY_BODY = YES;
				CLANG_WARN_ENUM_CONVERSION = YES;
				CLANG_WARN_INFINITE_RECURSION = YES;
				CLANG_WARN_INT_CONVERSION = YES;
				CLANG_WARN_NON_LITERAL_NULL_CONVERSION = YES;
				CLANG_WARN_OBJC_IMPLICIT_RETAIN_SELF = YES;
				CLANG_WARN_OBJC_LITERAL_CONVERSION = YES;
				CLANG_WARN_OBJC_ROOT_CLASS = YES_ERROR;
				CLANG_WARN_QUOTED_INCLUDE_IN_FRAMEWORK_HEADER = YES;
				CLANG_WARN_RANGE_LOOP_ANALYSIS = YES;
				CLANG_WARN_STRICT_PROTOTYPES = YES;
				CLANG_WARN_SUSPICIOUS_MOVE = YES;
				CLANG_WARN_UNGUARDED_AVAILABILITY = YES_AGGRESSIVE;
				CLANG_WARN_UNREACHABLE_CODE = YES;
				CLANG_WARN__DUPLICATE_METHOD_MATCH = YES;
				COPY_PHASE_STRIP = NO;
				DEBUG_INFORMATION_FORMAT = dwarf;
				ENABLE_STRICT_OBJC_MSGSEND = YES;
				ENABLE_TESTABILITY = YES;
				GCC_C_LANGUAGE_STANDARD = gnu11;
				GCC_DYNAMIC_NO_PIC = NO;
				GCC_NO_COMMON_BLOCKS = YES;
				GCC_OPTIMIZATION_LEVEL = 0;
				GCC_PREPROCESSOR_DEFINITIONS = (
					"DEBUG=1",
					"$(inherited)",
				);
				GCC_WARN_64_TO_32_BIT_CONVERSION = YES;
				GCC_WARN_ABOUT_RETURN_TYPE = YES_ERROR;
				GCC_WARN_UNDECLARED_SELECTOR = YES;
				GCC_WARN_UNINITIALIZED_AUTOS = YES_AGGRESSIVE;
				GCC_WARN_UNUSED_FUNCTION = YES;
				GCC_WARN_UNUSED_VARIABLE = YES;
				IPHONEOS_DEPLOYMENT_TARGET = 14.1;
				MTL_ENABLE_DEBUG_INFO = INCLUDE_SOURCE;
				MTL_FAST_MATH = YES;
				ONLY_ACTIVE_ARCH = YES;
				SDKROOT = iphoneos;
				SWIFT_ACTIVE_COMPILATION_CONDITIONS = DEBUG;
				SWIFT_OPTIMIZATION_LEVEL = "-Onone";
			};
			name = Debug;
		};
		08BC685C25A877C0005B3D42 /* Release */ = {
			isa = XCBuildConfiguration;
			buildSettings = {
				ALWAYS_SEARCH_USER_PATHS = NO;
				CLANG_ANALYZER_NONNULL = YES;
				CLANG_ANALYZER_NUMBER_OBJECT_CONVERSION = YES_AGGRESSIVE;
				CLANG_CXX_LANGUAGE_STANDARD = "gnu++14";
				CLANG_CXX_LIBRARY = "libc++";
				CLANG_ENABLE_MODULES = YES;
				CLANG_ENABLE_OBJC_ARC = YES;
				CLANG_ENABLE_OBJC_WEAK = YES;
				CLANG_WARN_BLOCK_CAPTURE_AUTORELEASING = YES;
				CLANG_WARN_BOOL_CONVERSION = YES;
				CLANG_WARN_COMMA = YES;
				CLANG_WARN_CONSTANT_CONVERSION = YES;
				CLANG_WARN_DEPRECATED_OBJC_IMPLEMENTATIONS = YES;
				CLANG_WARN_DIRECT_OBJC_ISA_USAGE = YES_ERROR;
				CLANG_WARN_DOCUMENTATION_COMMENTS = YES;
				CLANG_WARN_EMPTY_BODY = YES;
				CLANG_WARN_ENUM_CONVERSION = YES;
				CLANG_WARN_INFINITE_RECURSION = YES;
				CLANG_WARN_INT_CONVERSION = YES;
				CLANG_WARN_NON_LITERAL_NULL_CONVERSION = YES;
				CLANG_WARN_OBJC_IMPLICIT_RETAIN_SELF = YES;
				CLANG_WARN_OBJC_LITERAL_CONVERSION = YES;
				CLANG_WARN_OBJC_ROOT_CLASS = YES_ERROR;
				CLANG_WARN_QUOTED_INCLUDE_IN_FRAMEWORK_HEADER = YES;
				CLANG_WARN_RANGE_LOOP_ANALYSIS = YES;
				CLANG_WARN_STRICT_PROTOTYPES = YES;
				CLANG_WARN_SUSPICIOUS_MOVE = YES;
				CLANG_WARN_UNGUARDED_AVAILABILITY = YES_AGGRESSIVE;
				CLANG_WARN_UNREACHABLE_CODE = YES;
				CLANG_WARN__DUPLICATE_METHOD_MATCH = YES;
				COPY_PHASE_STRIP = NO;
				DEBUG_INFORMATION_FORMAT = "dwarf-with-dsym";
				ENABLE_NS_ASSERTIONS = NO;
				ENABLE_STRICT_OBJC_MSGSEND = YES;
				GCC_C_LANGUAGE_STANDARD = gnu11;
				GCC_NO_COMMON_BLOCKS = YES;
				GCC_WARN_64_TO_32_BIT_CONVERSION = YES;
				GCC_WARN_ABOUT_RETURN_TYPE = YES_ERROR;
				GCC_WARN_UNDECLARED_SELECTOR = YES;
				GCC_WARN_UNINITIALIZED_AUTOS = YES_AGGRESSIVE;
				GCC_WARN_UNUSED_FUNCTION = YES;
				GCC_WARN_UNUSED_VARIABLE = YES;
				IPHONEOS_DEPLOYMENT_TARGET = 14.1;
				MTL_ENABLE_DEBUG_INFO = NO;
				MTL_FAST_MATH = YES;
				SDKROOT = iphoneos;
				SWIFT_COMPILATION_MODE = wholemodule;
				SWIFT_OPTIMIZATION_LEVEL = "-O";
				VALIDATE_PRODUCT = YES;
			};
			name = Release;
		};
		08BC685E25A877C0005B3D42 /* Debug */ = {
			isa = XCBuildConfiguration;
			buildSettings = {
				ASSETCATALOG_COMPILER_APPICON_NAME = AppIcon;
				ASSETCATALOG_COMPILER_GLOBAL_ACCENT_COLOR_NAME = AccentColor;
				CODE_SIGN_STYLE = Automatic;
				DEVELOPMENT_ASSET_PATHS = "\"Pokedex/Preview Content\"";
				ENABLE_PREVIEWS = YES;
				INFOPLIST_FILE = Pokedex/Info.plist;
				IPHONEOS_DEPLOYMENT_TARGET = 14.0;
				LD_RUNPATH_SEARCH_PATHS = (
					"$(inherited)",
					"@executable_path/Frameworks",
				);
				PRODUCT_BUNDLE_IDENTIFIER = com.acs.Pokedex;
				PRODUCT_NAME = "$(TARGET_NAME)";
				SWIFT_VERSION = 5.0;
				TARGETED_DEVICE_FAMILY = "1,2";
			};
			name = Debug;
		};
		08BC685F25A877C0005B3D42 /* Release */ = {
			isa = XCBuildConfiguration;
			buildSettings = {
				ASSETCATALOG_COMPILER_APPICON_NAME = AppIcon;
				ASSETCATALOG_COMPILER_GLOBAL_ACCENT_COLOR_NAME = AccentColor;
				CODE_SIGN_STYLE = Automatic;
				DEVELOPMENT_ASSET_PATHS = "\"Pokedex/Preview Content\"";
				ENABLE_PREVIEWS = YES;
				INFOPLIST_FILE = Pokedex/Info.plist;
				IPHONEOS_DEPLOYMENT_TARGET = 14.0;
				LD_RUNPATH_SEARCH_PATHS = (
					"$(inherited)",
					"@executable_path/Frameworks",
				);
				PRODUCT_BUNDLE_IDENTIFIER = com.acs.Pokedex;
				PRODUCT_NAME = "$(TARGET_NAME)";
				SWIFT_VERSION = 5.0;
				TARGETED_DEVICE_FAMILY = "1,2";
			};
			name = Release;
		};
		08BC686125A877C0005B3D42 /* Debug */ = {
			isa = XCBuildConfiguration;
			buildSettings = {
				ALWAYS_EMBED_SWIFT_STANDARD_LIBRARIES = YES;
				BUNDLE_LOADER = "$(TEST_HOST)";
				CODE_SIGN_STYLE = Automatic;
				INFOPLIST_FILE = PokedexTests/Info.plist;
				IPHONEOS_DEPLOYMENT_TARGET = 14.0;
				LD_RUNPATH_SEARCH_PATHS = (
					"$(inherited)",
					"@executable_path/Frameworks",
					"@loader_path/Frameworks",
				);
				PRODUCT_BUNDLE_IDENTIFIER = com.acs.PokedexTests;
				PRODUCT_NAME = "$(TARGET_NAME)";
				SWIFT_VERSION = 5.0;
				TARGETED_DEVICE_FAMILY = "1,2";
				TEST_HOST = "$(BUILT_PRODUCTS_DIR)/Pokedex.app/Pokedex";
			};
			name = Debug;
		};
		08BC686225A877C0005B3D42 /* Release */ = {
			isa = XCBuildConfiguration;
			buildSettings = {
				ALWAYS_EMBED_SWIFT_STANDARD_LIBRARIES = YES;
				BUNDLE_LOADER = "$(TEST_HOST)";
				CODE_SIGN_STYLE = Automatic;
				INFOPLIST_FILE = PokedexTests/Info.plist;
				IPHONEOS_DEPLOYMENT_TARGET = 14.0;
				LD_RUNPATH_SEARCH_PATHS = (
					"$(inherited)",
					"@executable_path/Frameworks",
					"@loader_path/Frameworks",
				);
				PRODUCT_BUNDLE_IDENTIFIER = com.acs.PokedexTests;
				PRODUCT_NAME = "$(TARGET_NAME)";
				SWIFT_VERSION = 5.0;
				TARGETED_DEVICE_FAMILY = "1,2";
				TEST_HOST = "$(BUILT_PRODUCTS_DIR)/Pokedex.app/Pokedex";
			};
			name = Release;
		};
		08BC686425A877C0005B3D42 /* Debug */ = {
			isa = XCBuildConfiguration;
			buildSettings = {
				ALWAYS_EMBED_SWIFT_STANDARD_LIBRARIES = YES;
				CODE_SIGN_STYLE = Automatic;
				INFOPLIST_FILE = PokedexUITests/Info.plist;
				LD_RUNPATH_SEARCH_PATHS = (
					"$(inherited)",
					"@executable_path/Frameworks",
					"@loader_path/Frameworks",
				);
				PRODUCT_BUNDLE_IDENTIFIER = com.acs.PokedexUITests;
				PRODUCT_NAME = "$(TARGET_NAME)";
				SWIFT_VERSION = 5.0;
				TARGETED_DEVICE_FAMILY = "1,2";
				TEST_TARGET_NAME = Pokedex;
			};
			name = Debug;
		};
		08BC686525A877C0005B3D42 /* Release */ = {
			isa = XCBuildConfiguration;
			buildSettings = {
				ALWAYS_EMBED_SWIFT_STANDARD_LIBRARIES = YES;
				CODE_SIGN_STYLE = Automatic;
				INFOPLIST_FILE = PokedexUITests/Info.plist;
				LD_RUNPATH_SEARCH_PATHS = (
					"$(inherited)",
					"@executable_path/Frameworks",
					"@loader_path/Frameworks",
				);
				PRODUCT_BUNDLE_IDENTIFIER = com.acs.PokedexUITests;
				PRODUCT_NAME = "$(TARGET_NAME)";
				SWIFT_VERSION = 5.0;
				TARGETED_DEVICE_FAMILY = "1,2";
				TEST_TARGET_NAME = Pokedex;
			};
			name = Release;
		};
/* End XCBuildConfiguration section */

/* Begin XCConfigurationList section */
		08BC683325A877BD005B3D42 /* Build configuration list for PBXProject "Pokedex" */ = {
			isa = XCConfigurationList;
			buildConfigurations = (
				08BC685B25A877C0005B3D42 /* Debug */,
				08BC685C25A877C0005B3D42 /* Release */,
			);
			defaultConfigurationIsVisible = 0;
			defaultConfigurationName = Release;
		};
		08BC685D25A877C0005B3D42 /* Build configuration list for PBXNativeTarget "Pokedex" */ = {
			isa = XCConfigurationList;
			buildConfigurations = (
				08BC685E25A877C0005B3D42 /* Debug */,
				08BC685F25A877C0005B3D42 /* Release */,
			);
			defaultConfigurationIsVisible = 0;
			defaultConfigurationName = Release;
		};
		08BC686025A877C0005B3D42 /* Build configuration list for PBXNativeTarget "PokedexTests" */ = {
			isa = XCConfigurationList;
			buildConfigurations = (
				08BC686125A877C0005B3D42 /* Debug */,
				08BC686225A877C0005B3D42 /* Release */,
			);
			defaultConfigurationIsVisible = 0;
			defaultConfigurationName = Release;
		};
		08BC686325A877C0005B3D42 /* Build configuration list for PBXNativeTarget "PokedexUITests" */ = {
			isa = XCConfigurationList;
			buildConfigurations = (
				08BC686425A877C0005B3D42 /* Debug */,
				08BC686525A877C0005B3D42 /* Release */,
			);
			defaultConfigurationIsVisible = 0;
			defaultConfigurationName = Release;
		};
/* End XCConfigurationList section */
	};
	rootObject = 08BC683025A877BD005B3D42 /* Project object */;
}
